
Microsoft Visual Studio Solution File, Format Version 12.00
# Visual Studio Version 17
VisualStudioVersion = 17.7.34221.43
MinimumVisualStudioVersion = 10.0.40219.1
Project("{FAE04EC0-301F-11D3-BF4B-00C04F79EFBC}") = "Collections", "Collections\Collections.csproj", "{3E689E5E-FB84-4DDA-A12A-F9AFBEB17744}"
EndProject
Global
	GlobalSection(SolutionConfigurationPlatforms) = preSolution
		Debug|Any CPU = Debug|Any CPU
		Release|Any CPU = Release|Any CPU
	EndGlobalSection
	GlobalSection(ProjectConfigurationPlatforms) = postSolution
		{3E689E5E-FB84-4DDA-A12A-F9AFBEB17744}.Debug|Any CPU.ActiveCfg = Debug|Any CPU
		{3E689E5E-FB84-4DDA-A12A-F9AFBEB17744}.Debug|Any CPU.Build.0 = Debug|Any CPU
		{3E689E5E-FB84-4DDA-A12A-F9AFBEB17744}.Release|Any CPU.ActiveCfg = Release|Any CPU
		{3E689E5E-FB84-4DDA-A12A-F9AFBEB17744}.Release|Any CPU.Build.0 = Release|Any CPU
	EndGlobalSection
	GlobalSection(SolutionProperties) = preSolution
		HideSolutionNode = FALSE
	EndGlobalSection
	GlobalSection(ExtensibilityGlobals) = postSolution
		SolutionGuid = {0ACDE2DD-4571-46ED-97BE-5F18CC3B4DB3}
	EndGlobalSection
EndGlobal
